
Microsoft Visual Studio Solution File, Format Version 12.00
# Visual Studio Version 17
VisualStudioVersion = 17.10.35122.118
MinimumVisualStudioVersion = 10.0.40219.1
Project("{8BC9CEB8-8B4A-11D0-8D11-00A0C91BC942}") = "2-16-26 Chapter 6 Bank Deposit", "2-16-26 Chapter 6 Bank Deposit\2-16-26 Chapter 6 Bank Deposit.vcxproj", "{40BD94A9-2BDC-48F3-B12E-B0CD3E33BB1F}"
EndProject
Global
	GlobalSection(SolutionConfigurationPlatforms) = preSolution
		Debug|x64 = Debug|x64
		Debug|x86 = Debug|x86
		Release|x64 = Release|x64
		Release|x86 = Release|x86
	EndGlobalSection
	GlobalSection(ProjectConfigurationPlatforms) = postSolution
		{40BD94A9-2BDC-48F3-B12E-B0CD3E33BB1F}.Debug|x64.ActiveCfg = Debug|x64
		{40BD94A9-2BDC-48F3-B12E-B0CD3E33BB1F}.Debug|x64.Build.0 = Debug|x64
		{40BD94A9-2BDC-48F3-B12E-B0CD3E33BB1F}.Debug|x86.ActiveCfg = Debug|Win32
		{40BD94A9-2BDC-48F3-B12E-B0CD3E33BB1F}.Debug|x86.Build.0 = Debug|Win32
		{40BD94A9-2BDC-48F3-B12E-B0CD3E33BB1F}.Release|x64.ActiveCfg = Release|x64
		{40BD94A9-2BDC-48F3-B12E-B0CD3E33BB1F}.Release|x64.Build.0 = Release|x64
		{40BD94A9-2BDC-48F3-B12E-B0CD3E33BB1F}.Release|x86.ActiveCfg = Release|Win32
		{40BD94A9-2BDC-48F3-B12E-B0CD3E33BB1F}.Release|x86.Build.0 = Release|Win32
	EndGlobalSection
	GlobalSection(SolutionProperties) = preSolution
		HideSolutionNode = FALSE
	EndGlobalSection
	GlobalSection(ExtensibilityGlobals) = postSolution
		SolutionGuid = {CCA66BD0-3FA6-4D8E-8AD0-46ACE5B209D3}
	EndGlobalSection
EndGlobal
